// !$*UTF8*$!
{
	archiveVersion = 1;
	classes = {
	};
	objectVersion = 46;
	objects = {

/* Begin PBXBuildFile section */
		A1D25F65749BE8A0F2DD3356 /* Pods_Pokedex.framework in Frameworks */ = {isa = PBXBuildFile; fileRef = 21DA436FE06E388573AD7AE4 /* Pods_Pokedex.framework */; };
		DEA859CC1C7C62E700383DE7 /* PokeCellCollectionViewCell.swift in Sources */ = {isa = PBXBuildFile; fileRef = DEA859CB1C7C62E700383DE7 /* PokeCellCollectionViewCell.swift */; };
		DEA859CE1C7C7CD500383DE7 /* csv.swift in Sources */ = {isa = PBXBuildFile; fileRef = DEA859CD1C7C7CD500383DE7 /* csv.swift */; };
		DEA859D31C7C8D0000383DE7 /* PokemonSolid.ttf in Resources */ = {isa = PBXBuildFile; fileRef = DEA859D21C7C8D0000383DE7 /* PokemonSolid.ttf */; };
		DEA859D51C7C937E00383DE7 /* music.mp3 in Resources */ = {isa = PBXBuildFile; fileRef = DEA859D41C7C937E00383DE7 /* music.mp3 */; };
		DEA859D91C81F65500383DE7 /* PokemonDetailVC.swift in Sources */ = {isa = PBXBuildFile; fileRef = DEA859D81C81F65500383DE7 /* PokemonDetailVC.swift */; };
		DEAB17951C7C4A9200999D8D /* AppDelegate.swift in Sources */ = {isa = PBXBuildFile; fileRef = DEAB17941C7C4A9200999D8D /* AppDelegate.swift */; };
		DEAB17971C7C4A9200999D8D /* ViewController.swift in Sources */ = {isa = PBXBuildFile; fileRef = DEAB17961C7C4A9200999D8D /* ViewController.swift */; };
		DEAB179A1C7C4A9200999D8D /* Main.storyboard in Resources */ = {isa = PBXBuildFile; fileRef = DEAB17981C7C4A9200999D8D /* Main.storyboard */; };
		DEAB179C1C7C4A9200999D8D /* Assets.xcassets in Resources */ = {isa = PBXBuildFile; fileRef = DEAB179B1C7C4A9200999D8D /* Assets.xcassets */; };
		DEAB179F1C7C4A9200999D8D /* LaunchScreen.storyboard in Resources */ = {isa = PBXBuildFile; fileRef = DEAB179D1C7C4A9200999D8D /* LaunchScreen.storyboard */; };
		DEAB17A71C7C525400999D8D /* pokemon.csv in Resources */ = {isa = PBXBuildFile; fileRef = DEAB17A61C7C525400999D8D /* pokemon.csv */; };
		DEAB17AA1C7C541D00999D8D /* Pokemon.swift in Sources */ = {isa = PBXBuildFile; fileRef = DEAB17A91C7C541D00999D8D /* Pokemon.swift */; };
/* End PBXBuildFile section */

/* Begin PBXFileReference section */
		21DA436FE06E388573AD7AE4 /* Pods_Pokedex.framework */ = {isa = PBXFileReference; explicitFileType = wrapper.framework; includeInIndex = 0; path = Pods_Pokedex.framework; sourceTree = BUILT_PRODUCTS_DIR; };
		9DFE22944B79B30AE7F60379 /* Pods-Pokedex.debug.xcconfig */ = {isa = PBXFileReference; includeInIndex = 1; lastKnownFileType = text.xcconfig; name = "Pods-Pokedex.debug.xcconfig"; path = "Pods/Target Support Files/Pods-Pokedex/Pods-Pokedex.debug.xcconfig"; sourceTree = "<group>"; };
		DEA859CB1C7C62E700383DE7 /* PokeCellCollectionViewCell.swift */ = {isa = PBXFileReference; fileEncoding = 4; lastKnownFileType = sourcecode.swift; path = PokeCellCollectionViewCell.swift; sourceTree = "<group>"; };
		DEA859CD1C7C7CD500383DE7 /* csv.swift */ = {isa = PBXFileReference; fileEncoding = 4; lastKnownFileType = sourcecode.swift; path = csv.swift; sourceTree = "<group>"; };
		DEA859D21C7C8D0000383DE7 /* PokemonSolid.ttf */ = {isa = PBXFileReference; lastKnownFileType = file; path = PokemonSolid.ttf; sourceTree = "<group>"; };
		DEA859D41C7C937E00383DE7 /* music.mp3 */ = {isa = PBXFileReference; lastKnownFileType = audio.mp3; path = music.mp3; sourceTree = "<group>"; };
		DEA859D81C81F65500383DE7 /* PokemonDetailVC.swift */ = {isa = PBXFileReference; fileEncoding = 4; lastKnownFileType = sourcecode.swift; path = PokemonDetailVC.swift; sourceTree = "<group>"; };
		DEAB17911C7C4A9200999D8D /* Pokedex.app */ = {isa = PBXFileReference; explicitFileType = wrapper.application; includeInIndex = 0; path = Pokedex.app; sourceTree = BUILT_PRODUCTS_DIR; };
		DEAB17941C7C4A9200999D8D /* AppDelegate.swift */ = {isa = PBXFileReference; lastKnownFileType = sourcecode.swift; path = AppDelegate.swift; sourceTree = "<group>"; };
		DEAB17961C7C4A9200999D8D /* ViewController.swift */ = {isa = PBXFileReference; lastKnownFileType = sourcecode.swift; path = ViewController.swift; sourceTree = "<group>"; };
		DEAB17991C7C4A9200999D8D /* Base */ = {isa = PBXFileReference; lastKnownFileType = file.storyboard; name = Base; path = Base.lproj/Main.storyboard; sourceTree = "<group>"; };
		DEAB179B1C7C4A9200999D8D /* Assets.xcassets */ = {isa = PBXFileReference; lastKnownFileType = folder.assetcatalog; path = Assets.xcassets; sourceTree = "<group>"; };
		DEAB179E1C7C4A9200999D8D /* Base */ = {isa = PBXFileReference; lastKnownFileType = file.storyboard; name = Base; path = Base.lproj/LaunchScreen.storyboard; sourceTree = "<group>"; };
		DEAB17A01C7C4A9200999D8D /* Info.plist */ = {isa = PBXFileReference; lastKnownFileType = text.plist.xml; path = Info.plist; sourceTree = "<group>"; };
		DEAB17A61C7C525400999D8D /* pokemon.csv */ = {isa = PBXFileReference; fileEncoding = 4; lastKnownFileType = text; path = pokemon.csv; sourceTree = "<group>"; };
		DEAB17A91C7C541D00999D8D /* Pokemon.swift */ = {isa = PBXFileReference; fileEncoding = 4; lastKnownFileType = sourcecode.swift; path = Pokemon.swift; sourceTree = "<group>"; };
		F6FE641C7AFA0D18097160BF /* Pods-Pokedex.release.xcconfig */ = {isa = PBXFileReference; includeInIndex = 1; lastKnownFileType = text.xcconfig; name = "Pods-Pokedex.release.xcconfig"; path = "Pods/Target Support Files/Pods-Pokedex/Pods-Pokedex.release.xcconfig"; sourceTree = "<group>"; };
/* End PBXFileReference section */

/* Begin PBXFrameworksBuildPhase section */
		DEAB178E1C7C4A9100999D8D /* Frameworks */ = {
			isa = PBXFrameworksBuildPhase;
			buildActionMask = 2147483647;
			files = (
				A1D25F65749BE8A0F2DD3356 /* Pods_Pokedex.framework in Frameworks */,
			);
			runOnlyForDeploymentPostprocessing = 0;
		};
/* End PBXFrameworksBuildPhase section */

/* Begin PBXGroup section */
		A5E8A6887DC6B3A93792340B /* Frameworks */ = {
			isa = PBXGroup;
			children = (
				21DA436FE06E388573AD7AE4 /* Pods_Pokedex.framework */,
			);
			name = Frameworks;
			sourceTree = "<group>";
		};
		DEA859CA1C7C62B300383DE7 /* View */ = {
			isa = PBXGroup;
			children = (
				DEA859CB1C7C62E700383DE7 /* PokeCellCollectionViewCell.swift */,
				DEAB17981C7C4A9200999D8D /* Main.storyboard */,
				DEAB179D1C7C4A9200999D8D /* LaunchScreen.storyboard */,
			);
			name = View;
			sourceTree = "<group>";
		};
		DEA859CF1C7C7D6D00383DE7 /* Utilities */ = {
			isa = PBXGroup;
			children = (
				DEA859CD1C7C7CD500383DE7 /* csv.swift */,
			);
			name = Utilities;
			sourceTree = "<group>";
		};
		DEA859D01C7C7D8400383DE7 /* Controller */ = {
			isa = PBXGroup;
			children = (
				DEAB17961C7C4A9200999D8D /* ViewController.swift */,
				DEA859D81C81F65500383DE7 /* PokemonDetailVC.swift */,
			);
			name = Controller;
			sourceTree = "<group>";
		};
		DEA859D11C7C7D9D00383DE7 /* Resources */ = {
			isa = PBXGroup;
			children = (
				DEA859D21C7C8D0000383DE7 /* PokemonSolid.ttf */,
				DEA859D41C7C937E00383DE7 /* music.mp3 */,
				DEAB17A61C7C525400999D8D /* pokemon.csv */,
			);
			name = Resources;
			sourceTree = "<group>";
		};
		DEAB17881C7C4A9100999D8D = {
			isa = PBXGroup;
			children = (
				DEAB17931C7C4A9200999D8D /* Pokedex */,
				DEAB17921C7C4A9200999D8D /* Products */,
				E0E0539EF64803BF10AF9380 /* Pods */,
				A5E8A6887DC6B3A93792340B /* Frameworks */,
			);
			sourceTree = "<group>";
		};
		DEAB17921C7C4A9200999D8D /* Products */ = {
			isa = PBXGroup;
			children = (
				DEAB17911C7C4A9200999D8D /* Pokedex.app */,
			);
			name = Products;
			sourceTree = "<group>";
		};
		DEAB17931C7C4A9200999D8D /* Pokedex */ = {
			isa = PBXGroup;
			children = (
				DEAB17A81C7C540D00999D8D /* Model */,
				DEA859CA1C7C62B300383DE7 /* View */,
				DEA859D01C7C7D8400383DE7 /* Controller */,
				DEA859D11C7C7D9D00383DE7 /* Resources */,
				DEA859CF1C7C7D6D00383DE7 /* Utilities */,
				DEAB17941C7C4A9200999D8D /* AppDelegate.swift */,
				DEAB179B1C7C4A9200999D8D /* Assets.xcassets */,
				DEAB17A01C7C4A9200999D8D /* Info.plist */,
			);
			path = Pokedex;
			sourceTree = "<group>";
		};
		DEAB17A81C7C540D00999D8D /* Model */ = {
			isa = PBXGroup;
			children = (
				DEAB17A91C7C541D00999D8D /* Pokemon.swift */,
			);
			name = Model;
			sourceTree = "<group>";
		};
		E0E0539EF64803BF10AF9380 /* Pods */ = {
			isa = PBXGroup;
			children = (
				9DFE22944B79B30AE7F60379 /* Pods-Pokedex.debug.xcconfig */,
				F6FE641C7AFA0D18097160BF /* Pods-Pokedex.release.xcconfig */,
			);
			name = Pods;
			sourceTree = "<group>";
		};
/* End PBXGroup section */

/* Begin PBXNativeTarget section */
		DEAB17901C7C4A9100999D8D /* Pokedex */ = {
			isa = PBXNativeTarget;
			buildConfigurationList = DEAB17A31C7C4A9200999D8D /* Build configuration list for PBXNativeTarget "Pokedex" */;
			buildPhases = (
				EE3CF7D1EE0614EC9A003C70 /* Check Pods Manifest.lock */,
				DEAB178D1C7C4A9100999D8D /* Sources */,
				DEAB178E1C7C4A9100999D8D /* Frameworks */,
				DEAB178F1C7C4A9100999D8D /* Resources */,
				7DCA952D23BCEACF43507385 /* Embed Pods Frameworks */,
				1EF2F5A1735998600C09B15C /* Copy Pods Resources */,
			);
			buildRules = (
			);
			dependencies = (
			);
			name = Pokedex;
			productName = Pokedex;
			productReference = DEAB17911C7C4A9200999D8D /* Pokedex.app */;
			productType = "com.apple.product-type.application";
		};
/* End PBXNativeTarget section */

/* Begin PBXProject section */
		DEAB17891C7C4A9100999D8D /* Project object */ = {
			isa = PBXProject;
			attributes = {
				LastSwiftUpdateCheck = 0720;
				LastUpgradeCheck = 0720;
				ORGANIZATIONNAME = "Lyle Christianne Jover";
				TargetAttributes = {
					DEAB17901C7C4A9100999D8D = {
						CreatedOnToolsVersion = 7.2.1;
					};
				};
			};
			buildConfigurationList = DEAB178C1C7C4A9100999D8D /* Build configuration list for PBXProject "Pokedex" */;
			compatibilityVersion = "Xcode 3.2";
			developmentRegion = English;
			hasScannedForEncodings = 0;
			knownRegions = (
				en,
				Base,
			);
			mainGroup = DEAB17881C7C4A9100999D8D;
			productRefGroup = DEAB17921C7C4A9200999D8D /* Products */;
			projectDirPath = "";
			projectRoot = "";
			targets = (
				DEAB17901C7C4A9100999D8D /* Pokedex */,
			);
		};
/* End PBXProject section */

/* Begin PBXResourcesBuildPhase section */
		DEAB178F1C7C4A9100999D8D /* Resources */ = {
			isa = PBXResourcesBuildPhase;
			buildActionMask = 2147483647;
			files = (
				DEAB179F1C7C4A9200999D8D /* LaunchScreen.storyboard in Resources */,
				DEAB179C1C7C4A9200999D8D /* Assets.xcassets in Resources */,
				DEA859D51C7C937E00383DE7 /* music.mp3 in Resources */,
				DEAB17A71C7C525400999D8D /* pokemon.csv in Resources */,
				DEA859D31C7C8D0000383DE7 /* PokemonSolid.ttf in Resources */,
				DEAB179A1C7C4A9200999D8D /* Main.storyboard in Resources */,
			);
			runOnlyForDeploymentPostprocessing = 0;
		};
/* End PBXResourcesBuildPhase section */

/* Begin PBXShellScriptBuildPhase section */
		1EF2F5A1735998600C09B15C /* Copy Pods Resources */ = {
			isa = PBXShellScriptBuildPhase;
			buildActionMask = 2147483647;
			files = (
			);
			inputPaths = (
			);
			name = "Copy Pods Resources";
			outputPaths = (
			);
			runOnlyForDeploymentPostprocessing = 0;
			shellPath = /bin/sh;
			shellScript = "\"${SRCROOT}/Pods/Target Support Files/Pods-Pokedex/Pods-Pokedex-resources.sh\"\n";
			showEnvVarsInLog = 0;
		};
		7DCA952D23BCEACF43507385 /* Embed Pods Frameworks */ = {
			isa = PBXShellScriptBuildPhase;
			buildActionMask = 2147483647;
			files = (
			);
			inputPaths = (
			);
			name = "Embed Pods Frameworks";
			outputPaths = (
			);
			runOnlyForDeploymentPostprocessing = 0;
			shellPath = /bin/sh;
			shellScript = "\"${SRCROOT}/Pods/Target Support Files/Pods-Pokedex/Pods-Pokedex-frameworks.sh\"\n";
			showEnvVarsInLog = 0;
		};
		EE3CF7D1EE0614EC9A003C70 /* Check Pods Manifest.lock */ = {
			isa = PBXShellScriptBuildPhase;
			buildActionMask = 2147483647;
			files = (
			);
			inputPaths = (
			);
			name = "Check Pods Manifest.lock";
			outputPaths = (
			);
			runOnlyForDeploymentPostprocessing = 0;
			shellPath = /bin/sh;
			shellScript = "diff \"${PODS_ROOT}/../Podfile.lock\" \"${PODS_ROOT}/Manifest.lock\" > /dev/null\nif [[ $? != 0 ]] ; then\n    cat << EOM\nerror: The sandbox is not in sync with the Podfile.lock. Run 'pod install' or update your CocoaPods installation.\nEOM\n    exit 1\nfi\n";
			showEnvVarsInLog = 0;
		};
/* End PBXShellScriptBuildPhase section */

/* Begin PBXSourcesBuildPhase section */
		DEAB178D1C7C4A9100999D8D /* Sources */ = {
			isa = PBXSourcesBuildPhase;
			buildActionMask = 2147483647;
			files = (
				DEAB17971C7C4A9200999D8D /* ViewController.swift in Sources */,
				DEAB17951C7C4A9200999D8D /* AppDelegate.swift in Sources */,
				DEA859CC1C7C62E700383DE7 /* PokeCellCollectionViewCell.swift in Sources */,
				DEA859D91C81F65500383DE7 /* PokemonDetailVC.swift in Sources */,
				DEAB17AA1C7C541D00999D8D /* Pokemon.swift in Sources */,
				DEA859CE1C7C7CD500383DE7 /* csv.swift in Sources */,
			);
			runOnlyForDeploymentPostprocessing = 0;
		};
/* End PBXSourcesBuildPhase section */

/* Begin PBXVariantGroup section */
		DEAB17981C7C4A9200999D8D /* Main.storyboard */ = {
			isa = PBXVariantGroup;
			children = (
				DEAB17991C7C4A9200999D8D /* Base */,
			);
			name = Main.storyboard;
			sourceTree = "<group>";
		};
		DEAB179D1C7C4A9200999D8D /* LaunchScreen.storyboard */ = {
			isa = PBXVariantGroup;
			children = (
				DEAB179E1C7C4A9200999D8D /* Base */,
			);
			name = LaunchScreen.storyboard;
			sourceTree = "<group>";
		};
/* End PBXVariantGroup section */

/* Begin XCBuildConfiguration section */
		DEAB17A11C7C4A9200999D8D /* Debug */ = {
			isa = XCBuildConfiguration;
			buildSettings = {
				ALWAYS_SEARCH_USER_PATHS = NO;
				CLANG_CXX_LANGUAGE_STANDARD = "gnu++0x";
				CLANG_CXX_LIBRARY = "libc++";
				CLANG_ENABLE_MODULES = YES;
				CLANG_ENABLE_OBJC_ARC = YES;
				CLANG_WARN_BOOL_CONVERSION = YES;
				CLANG_WARN_CONSTANT_CONVERSION = YES;
				CLANG_WARN_DIRECT_OBJC_ISA_USAGE = YES_ERROR;
				CLANG_WARN_EMPTY_BODY = YES;
				CLANG_WARN_ENUM_CONVERSION = YES;
				CLANG_WARN_INT_CONVERSION = YES;
				CLANG_WARN_OBJC_ROOT_CLASS = YES_ERROR;
				CLANG_WARN_UNREACHABLE_CODE = YES;
				CLANG_WARN__DUPLICATE_METHOD_MATCH = YES;
				"CODE_SIGN_IDENTITY[sdk=iphoneos*]" = "iPhone Developer";
				COPY_PHASE_STRIP = NO;
				DEBUG_INFORMATION_FORMAT = dwarf;
				ENABLE_STRICT_OBJC_MSGSEND = YES;
				ENABLE_TESTABILITY = YES;
				GCC_C_LANGUAGE_STANDARD = gnu99;
				GCC_DYNAMIC_NO_PIC = NO;
				GCC_NO_COMMON_BLOCKS = YES;
				GCC_OPTIMIZATION_LEVEL = 0;
				GCC_PREPROCESSOR_DEFINITIONS = (
					"DEBUG=1",
					"$(inherited)",
				);
				GCC_WARN_64_TO_32_BIT_CONVERSION = YES;
				GCC_WARN_ABOUT_RETURN_TYPE = YES_ERROR;
				GCC_WARN_UNDECLARED_SELECTOR = YES;
				GCC_WARN_UNINITIALIZED_AUTOS = YES_AGGRESSIVE;
				GCC_WARN_UNUSED_FUNCTION = YES;
				GCC_WARN_UNUSED_VARIABLE = YES;
				IPHONEOS_DEPLOYMENT_TARGET = 9.2;
				MTL_ENABLE_DEBUG_INFO = YES;
				ONLY_ACTIVE_ARCH = YES;
				SDKROOT = iphoneos;
				SWIFT_OPTIMIZATION_LEVEL = "-Onone";
				TARGETED_DEVICE_FAMILY = "1,2";
			};
			name = Debug;
		};
		DEAB17A21C7C4A9200999D8D /* Release */ = {
			isa = XCBuildConfiguration;
			buildSettings = {
				ALWAYS_SEARCH_USER_PATHS = NO;
				CLANG_CXX_LANGUAGE_STANDARD = "gnu++0x";
				CLANG_CXX_LIBRARY = "libc++";
				CLANG_ENABLE_MODULES = YES;
				CLANG_ENABLE_OBJC_ARC = YES;
				CLANG_WARN_BOOL_CONVERSION = YES;
				CLANG_WARN_CONSTANT_CONVERSION = YES;
				CLANG_WARN_DIRECT_OBJC_ISA_USAGE = YES_ERROR;
				CLANG_WARN_EMPTY_BODY = YES;
				CLANG_WARN_ENUM_CONVERSION = YES;
				CLANG_WARN_INT_CONVERSION = YES;
				CLANG_WARN_OBJC_ROOT_CLASS = YES_ERROR;
				CLANG_WARN_UNREACHABLE_CODE = YES;
				CLANG_WARN__DUPLICATE_METHOD_MATCH = YES;
				"CODE_SIGN_IDENTITY[sdk=iphoneos*]" = "iPhone Developer";
				COPY_PHASE_STRIP = NO;
				DEBUG_INFORMATION_FORMAT = "dwarf-with-dsym";
				ENABLE_NS_ASSERTIONS = NO;
				ENABLE_STRICT_OBJC_MSGSEND = YES;
				GCC_C_LANGUAGE_STANDARD = gnu99;
				GCC_NO_COMMON_BLOCKS = YES;
				GCC_WARN_64_TO_32_BIT_CONVERSION = YES;
				GCC_WARN_ABOUT_RETURN_TYPE = YES_ERROR;
				GCC_WARN_UNDECLARED_SELECTOR = YES;
				GCC_WARN_UNINITIALIZED_AUTOS = YES_AGGRESSIVE;
				GCC_WARN_UNUSED_FUNCTION = YES;
				GCC_WARN_UNUSED_VARIABLE = YES;
				IPHONEOS_DEPLOYMENT_TARGET = 9.2;
				MTL_ENABLE_DEBUG_INFO = NO;
				SDKROOT = iphoneos;
				TARGETED_DEVICE_FAMILY = "1,2";
				VALIDATE_PRODUCT = YES;
			};
			name = Release;
		};
		DEAB17A41C7C4A9200999D8D /* Debug */ = {
			isa = XCBuildConfiguration;
			baseConfigurationReference = 9DFE22944B79B30AE7F60379 /* Pods-Pokedex.debug.xcconfig */;
			buildSettings = {
				ASSETCATALOG_COMPILER_APPICON_NAME = AppIcon;
				INFOPLIST_FILE = Pokedex/Info.plist;
				LD_RUNPATH_SEARCH_PATHS = "$(inherited) @executable_path/Frameworks";
				PRODUCT_BUNDLE_IDENTIFIER = com.JoverIndustries.Pokedex;
				PRODUCT_NAME = "$(TARGET_NAME)";
			};
			name = Debug;
		};
		DEAB17A51C7C4A9200999D8D /* Release */ = {
			isa = XCBuildConfiguration;
			baseConfigurationReference = F6FE641C7AFA0D18097160BF /* Pods-Pokedex.release.xcconfig */;
			buildSettings = {
				ASSETCATALOG_COMPILER_APPICON_NAME = AppIcon;
				INFOPLIST_FILE = Pokedex/Info.plist;
				LD_RUNPATH_SEARCH_PATHS = "$(inherited) @executable_path/Frameworks";
				PRODUCT_BUNDLE_IDENTIFIER = com.JoverIndustries.Pokedex;
				PRODUCT_NAME = "$(TARGET_NAME)";
			};
			name = Release;
		};
/* End XCBuildConfiguration section */

/* Begin XCConfigurationList section */
		DEAB178C1C7C4A9100999D8D /* Build configuration list for PBXProject "Pokedex" */ = {
			isa = XCConfigurationList;
			buildConfigurations = (
				DEAB17A11C7C4A9200999D8D /* Debug */,
				DEAB17A21C7C4A9200999D8D /* Release */,
			);
			defaultConfigurationIsVisible = 0;
			defaultConfigurationName = Release;
		};
		DEAB17A31C7C4A9200999D8D /* Build configuration list for PBXNativeTarget "Pokedex" */ = {
			isa = XCConfigurationList;
			buildConfigurations = (
				DEAB17A41C7C4A9200999D8D /* Debug */,
				DEAB17A51C7C4A9200999D8D /* Release */,
			);
			defaultConfigurationIsVisible = 0;
			defaultConfigurationName = Release;
		};
/* End XCConfigurationList section */
	};
	rootObject = DEAB17891C7C4A9100999D8D /* Project object */;
}
